
Microsoft Visual Studio Solution File, Format Version 12.00
# Visual Studio Version 16
VisualStudioVersion = 16.0.31410.357
MinimumVisualStudioVersion = 10.0.40219.1
Project("{FAE04EC0-301F-11D3-BF4B-00C04F79EFBC}") = "Sarcina_1", "Sarcina_1\Sarcina_1.csproj", "{EE16D7F9-C822-409A-8F83-023549FDBB96}"
EndProject
Global
	GlobalSection(SolutionConfigurationPlatforms) = preSolution
		Debug|Any CPU = Debug|Any CPU
		Release|Any CPU = Release|Any CPU
	EndGlobalSection
	GlobalSection(ProjectConfigurationPlatforms) = postSolution
		{EE16D7F9-C822-409A-8F83-023549FDBB96}.Debug|Any CPU.ActiveCfg = Debug|Any CPU
		{EE16D7F9-C822-409A-8F83-023549FDBB96}.Debug|Any CPU.Build.0 = Debug|Any CPU
		{EE16D7F9-C822-409A-8F83-023549FDBB96}.Release|Any CPU.ActiveCfg = Release|Any CPU
		{EE16D7F9-C822-409A-8F83-023549FDBB96}.Release|Any CPU.Build.0 = Release|Any CPU
	EndGlobalSection
	GlobalSection(SolutionProperties) = preSolution
		HideSolutionNode = FALSE
	EndGlobalSection
	GlobalSection(ExtensibilityGlobals) = postSolution
		SolutionGuid = {2ECDAE96-F0B0-4B45-9C49-7109E1C1118D}
	EndGlobalSection
EndGlobal
