
Microsoft Visual Studio Solution File, Format Version 12.00
# Visual Studio Version 17
VisualStudioVersion = 17.3.32929.385
MinimumVisualStudioVersion = 10.0.40219.1
Project("{FAE04EC0-301F-11D3-BF4B-00C04F79EFBC}") = "Varianta-1", "Varianta-1\Varianta-1.csproj", "{163C17E3-B574-42BC-8ADD-A5AC2FD85767}"
EndProject
Global
	GlobalSection(SolutionConfigurationPlatforms) = preSolution
		Debug|Any CPU = Debug|Any CPU
		Release|Any CPU = Release|Any CPU
	EndGlobalSection
	GlobalSection(ProjectConfigurationPlatforms) = postSolution
		{163C17E3-B574-42BC-8ADD-A5AC2FD85767}.Debug|Any CPU.ActiveCfg = Debug|Any CPU
		{163C17E3-B574-42BC-8ADD-A5AC2FD85767}.Debug|Any CPU.Build.0 = Debug|Any CPU
		{163C17E3-B574-42BC-8ADD-A5AC2FD85767}.Release|Any CPU.ActiveCfg = Release|Any CPU
		{163C17E3-B574-42BC-8ADD-A5AC2FD85767}.Release|Any CPU.Build.0 = Release|Any CPU
	EndGlobalSection
	GlobalSection(SolutionProperties) = preSolution
		HideSolutionNode = FALSE
	EndGlobalSection
	GlobalSection(ExtensibilityGlobals) = postSolution
		SolutionGuid = {66CDEB19-728F-4454-911F-AA3B67AEE150}
	EndGlobalSection
EndGlobal
