
Microsoft Visual Studio Solution File, Format Version 12.00
# Visual Studio Version 16
VisualStudioVersion = 16.0.31402.337
MinimumVisualStudioVersion = 10.0.40219.1
Project("{FAE04EC0-301F-11D3-BF4B-00C04F79EFBC}") = "Sarcina_1", "Sarcina_1\Sarcina_1.csproj", "{C2B589B5-5A5F-41D2-A345-CBD80A204B06}"
EndProject
Project("{FAE04EC0-301F-11D3-BF4B-00C04F79EFBC}") = "Sarcina_2", "Sarcina_2\Sarcina_2.csproj", "{19863D12-E5A7-410E-A5EF-E83D614E5B74}"
EndProject
Project("{FAE04EC0-301F-11D3-BF4B-00C04F79EFBC}") = "Sarcina_3", "Sarcina_3\Sarcina_3.csproj", "{F94D0A91-E4BF-4140-B2DF-F6E5877A2CEF}"
EndProject
Global
	GlobalSection(SolutionConfigurationPlatforms) = preSolution
		Debug|Any CPU = Debug|Any CPU
		Release|Any CPU = Release|Any CPU
	EndGlobalSection
	GlobalSection(ProjectConfigurationPlatforms) = postSolution
		{C2B589B5-5A5F-41D2-A345-CBD80A204B06}.Debug|Any CPU.ActiveCfg = Debug|Any CPU
		{C2B589B5-5A5F-41D2-A345-CBD80A204B06}.Debug|Any CPU.Build.0 = Debug|Any CPU
		{C2B589B5-5A5F-41D2-A345-CBD80A204B06}.Release|Any CPU.ActiveCfg = Release|Any CPU
		{C2B589B5-5A5F-41D2-A345-CBD80A204B06}.Release|Any CPU.Build.0 = Release|Any CPU
		{19863D12-E5A7-410E-A5EF-E83D614E5B74}.Debug|Any CPU.ActiveCfg = Debug|Any CPU
		{19863D12-E5A7-410E-A5EF-E83D614E5B74}.Debug|Any CPU.Build.0 = Debug|Any CPU
		{19863D12-E5A7-410E-A5EF-E83D614E5B74}.Release|Any CPU.ActiveCfg = Release|Any CPU
		{19863D12-E5A7-410E-A5EF-E83D614E5B74}.Release|Any CPU.Build.0 = Release|Any CPU
		{F94D0A91-E4BF-4140-B2DF-F6E5877A2CEF}.Debug|Any CPU.ActiveCfg = Debug|Any CPU
		{F94D0A91-E4BF-4140-B2DF-F6E5877A2CEF}.Debug|Any CPU.Build.0 = Debug|Any CPU
		{F94D0A91-E4BF-4140-B2DF-F6E5877A2CEF}.Release|Any CPU.ActiveCfg = Release|Any CPU
		{F94D0A91-E4BF-4140-B2DF-F6E5877A2CEF}.Release|Any CPU.Build.0 = Release|Any CPU
	EndGlobalSection
	GlobalSection(SolutionProperties) = preSolution
		HideSolutionNode = FALSE
	EndGlobalSection
	GlobalSection(ExtensibilityGlobals) = postSolution
		SolutionGuid = {4AE4F2ED-018A-477F-9BC0-A321859BACBF}
	EndGlobalSection
EndGlobal
